
Microsoft Visual Studio Solution File, Format Version 12.00
# Visual Studio Version 16
VisualStudioVersion = 16.0.30204.135
MinimumVisualStudioVersion = 10.0.40219.1
Project("{9A19103F-16F7-4668-BE54-9A1E7A4F7556}") = "ContactPersonen3", "ContactPersonen3\ContactPersonen3.csproj", "{DEA7B11D-E110-4207-8B3A-A01642BFDB60}"
EndProject
Project("{FAE04EC0-301F-11D3-BF4B-00C04F79EFBC}") = "ContactLibrary", "ContactLibrary\ContactLibrary.csproj", "{388412F0-BA31-4D33-A90A-B90B383AD92D}"
EndProject
Global
	GlobalSection(SolutionConfigurationPlatforms) = preSolution
		Debug|Any CPU = Debug|Any CPU
		Release|Any CPU = Release|Any CPU
	EndGlobalSection
	GlobalSection(ProjectConfigurationPlatforms) = postSolution
		{DEA7B11D-E110-4207-8B3A-A01642BFDB60}.Debug|Any CPU.ActiveCfg = Debug|Any CPU
		{DEA7B11D-E110-4207-8B3A-A01642BFDB60}.Debug|Any CPU.Build.0 = Debug|Any CPU
		{DEA7B11D-E110-4207-8B3A-A01642BFDB60}.Release|Any CPU.ActiveCfg = Release|Any CPU
		{DEA7B11D-E110-4207-8B3A-A01642BFDB60}.Release|Any CPU.Build.0 = Release|Any CPU
		{388412F0-BA31-4D33-A90A-B90B383AD92D}.Debug|Any CPU.ActiveCfg = Debug|Any CPU
		{388412F0-BA31-4D33-A90A-B90B383AD92D}.Debug|Any CPU.Build.0 = Debug|Any CPU
		{388412F0-BA31-4D33-A90A-B90B383AD92D}.Release|Any CPU.ActiveCfg = Release|Any CPU
		{388412F0-BA31-4D33-A90A-B90B383AD92D}.Release|Any CPU.Build.0 = Release|Any CPU
	EndGlobalSection
	GlobalSection(SolutionProperties) = preSolution
		HideSolutionNode = FALSE
	EndGlobalSection
	GlobalSection(ExtensibilityGlobals) = postSolution
		SolutionGuid = {CE8B7F0B-19E2-48F8-B4BB-4E4D642BFFC8}
	EndGlobalSection
EndGlobal
